
Microsoft Visual Studio Solution File, Format Version 12.00
# Visual Studio Version 17
VisualStudioVersion = 17.12.35527.113 d17.12
MinimumVisualStudioVersion = 10.0.40219.1
Project("{FAE04EC0-301F-11D3-BF4B-00C04F79EFBC}") = "forecast_labs_api", "forecast_labs_api\forecast_labs_api.csproj", "{61CEBEFC-6B9F-4053-9DC6-7C4AD3337567}"
EndProject
Global
	GlobalSection(SolutionConfigurationPlatforms) = preSolution
		Debug|Any CPU = Debug|Any CPU
		Release|Any CPU = Release|Any CPU
	EndGlobalSection
	GlobalSection(ProjectConfigurationPlatforms) = postSolution
		{61CEBEFC-6B9F-4053-9DC6-7C4AD3337567}.Debug|Any CPU.ActiveCfg = Debug|Any CPU
		{61CEBEFC-6B9F-4053-9DC6-7C4AD3337567}.Debug|Any CPU.Build.0 = Debug|Any CPU
		{61CEBEFC-6B9F-4053-9DC6-7C4AD3337567}.Release|Any CPU.ActiveCfg = Release|Any CPU
		{61CEBEFC-6B9F-4053-9DC6-7C4AD3337567}.Release|Any CPU.Build.0 = Release|Any CPU
	EndGlobalSection
	GlobalSection(SolutionProperties) = preSolution
		HideSolutionNode = FALSE
	EndGlobalSection
EndGlobal
