
Microsoft Visual Studio Solution File, Format Version 12.00
# Visual Studio Version 17
VisualStudioVersion = 17.11.35312.102
MinimumVisualStudioVersion = 10.0.40219.1
Project("{9A19103F-16F7-4668-BE54-9A1E7A4F7556}") = "ufl_id", "ufl_id\ufl_id.csproj", "{1E5E2409-C2D1-4180-B5A8-64658434442B}"
EndProject
Project("{FAE04EC0-301F-11D3-BF4B-00C04F79EFBC}") = "ufl_class_lib", "ufl_class_lib\ufl_class_lib.csproj", "{CD0E5639-5281-44C4-85EF-FDFE8DBF64A3}"
EndProject
Global
	GlobalSection(SolutionConfigurationPlatforms) = preSolution
		Debug|Any CPU = Debug|Any CPU
		Release|Any CPU = Release|Any CPU
	EndGlobalSection
	GlobalSection(ProjectConfigurationPlatforms) = postSolution
		{1E5E2409-C2D1-4180-B5A8-64658434442B}.Debug|Any CPU.ActiveCfg = Debug|Any CPU
		{1E5E2409-C2D1-4180-B5A8-64658434442B}.Debug|Any CPU.Build.0 = Debug|Any CPU
		{1E5E2409-C2D1-4180-B5A8-64658434442B}.Release|Any CPU.ActiveCfg = Release|Any CPU
		{1E5E2409-C2D1-4180-B5A8-64658434442B}.Release|Any CPU.Build.0 = Release|Any CPU
		{CD0E5639-5281-44C4-85EF-FDFE8DBF64A3}.Debug|Any CPU.ActiveCfg = Debug|Any CPU
		{CD0E5639-5281-44C4-85EF-FDFE8DBF64A3}.Debug|Any CPU.Build.0 = Debug|Any CPU
		{CD0E5639-5281-44C4-85EF-FDFE8DBF64A3}.Release|Any CPU.ActiveCfg = Release|Any CPU
		{CD0E5639-5281-44C4-85EF-FDFE8DBF64A3}.Release|Any CPU.Build.0 = Release|Any CPU
	EndGlobalSection
	GlobalSection(SolutionProperties) = preSolution
		HideSolutionNode = FALSE
	EndGlobalSection
	GlobalSection(ExtensibilityGlobals) = postSolution
		SolutionGuid = {A1730C02-DBE3-4DC2-941F-99172DD2E16C}
	EndGlobalSection
EndGlobal
