
Microsoft Visual Studio Solution File, Format Version 12.00
# Visual Studio Version 17
VisualStudioVersion = 17.12.35527.113
MinimumVisualStudioVersion = 10.0.40219.1
Project("{FAE04EC0-301F-11D3-BF4B-00C04F79EFBC}") = "labs_f_api", "labs_f_api\labs_f_api.csproj", "{3B13C455-0951-4C83-9FD5-2CC5B03EB512}"
EndProject
Project("{FAE04EC0-301F-11D3-BF4B-00C04F79EFBC}") = "forecast_labs_lib", "forecast_labs_lib\forecast_labs_lib.csproj", "{3DF646C5-6302-4180-9F2B-E454E3B0494F}"
EndProject
Global
	GlobalSection(SolutionConfigurationPlatforms) = preSolution
		Debug|Any CPU = Debug|Any CPU
		Release|Any CPU = Release|Any CPU
	EndGlobalSection
	GlobalSection(ProjectConfigurationPlatforms) = postSolution
		{3B13C455-0951-4C83-9FD5-2CC5B03EB512}.Debug|Any CPU.ActiveCfg = Debug|Any CPU
		{3B13C455-0951-4C83-9FD5-2CC5B03EB512}.Debug|Any CPU.Build.0 = Debug|Any CPU
		{3B13C455-0951-4C83-9FD5-2CC5B03EB512}.Release|Any CPU.ActiveCfg = Release|Any CPU
		{3B13C455-0951-4C83-9FD5-2CC5B03EB512}.Release|Any CPU.Build.0 = Release|Any CPU
		{3DF646C5-6302-4180-9F2B-E454E3B0494F}.Debug|Any CPU.ActiveCfg = Debug|Any CPU
		{3DF646C5-6302-4180-9F2B-E454E3B0494F}.Debug|Any CPU.Build.0 = Debug|Any CPU
		{3DF646C5-6302-4180-9F2B-E454E3B0494F}.Release|Any CPU.ActiveCfg = Release|Any CPU
		{3DF646C5-6302-4180-9F2B-E454E3B0494F}.Release|Any CPU.Build.0 = Release|Any CPU
	EndGlobalSection
	GlobalSection(SolutionProperties) = preSolution
		HideSolutionNode = FALSE
	EndGlobalSection
EndGlobal
